
Microsoft Visual Studio Solution File, Format Version 12.00
Project("{FAE04EC0-301F-11D3-BF4B-00C04F79EFBC}") = "MovieMVCApp", "MovieMVCApp\MovieMVCApp.csproj", "{6E0A8672-690B-487E-A2B9-47F73FBF51B7}"
EndProject
Project("{FAE04EC0-301F-11D3-BF4B-00C04F79EFBC}") = "ApplicationCore", "ApplicationCore\ApplicationCore.csproj", "{C73686A1-9116-4786-B939-04FA35949E4D}"
EndProject
Project("{FAE04EC0-301F-11D3-BF4B-00C04F79EFBC}") = "Infrastructure", "Infrastructure\Infrastructure.csproj", "{1067D067-30A4-4063-A90E-EC2ED36D8098}"
EndProject
Global
	GlobalSection(SolutionConfigurationPlatforms) = preSolution
		Debug|Any CPU = Debug|Any CPU
		Release|Any CPU = Release|Any CPU
	EndGlobalSection
	GlobalSection(ProjectConfigurationPlatforms) = postSolution
		{6E0A8672-690B-487E-A2B9-47F73FBF51B7}.Debug|Any CPU.ActiveCfg = Debug|Any CPU
		{6E0A8672-690B-487E-A2B9-47F73FBF51B7}.Debug|Any CPU.Build.0 = Debug|Any CPU
		{6E0A8672-690B-487E-A2B9-47F73FBF51B7}.Release|Any CPU.ActiveCfg = Release|Any CPU
		{6E0A8672-690B-487E-A2B9-47F73FBF51B7}.Release|Any CPU.Build.0 = Release|Any CPU
		{C73686A1-9116-4786-B939-04FA35949E4D}.Debug|Any CPU.ActiveCfg = Debug|Any CPU
		{C73686A1-9116-4786-B939-04FA35949E4D}.Debug|Any CPU.Build.0 = Debug|Any CPU
		{C73686A1-9116-4786-B939-04FA35949E4D}.Release|Any CPU.ActiveCfg = Release|Any CPU
		{C73686A1-9116-4786-B939-04FA35949E4D}.Release|Any CPU.Build.0 = Release|Any CPU
		{1067D067-30A4-4063-A90E-EC2ED36D8098}.Debug|Any CPU.ActiveCfg = Debug|Any CPU
		{1067D067-30A4-4063-A90E-EC2ED36D8098}.Debug|Any CPU.Build.0 = Debug|Any CPU
		{1067D067-30A4-4063-A90E-EC2ED36D8098}.Release|Any CPU.ActiveCfg = Release|Any CPU
		{1067D067-30A4-4063-A90E-EC2ED36D8098}.Release|Any CPU.Build.0 = Release|Any CPU
	EndGlobalSection
EndGlobal
